version = 1
revision = 3
requires-python = ">=3.10"

[[package]]
name = "lizard"
version = "1.19.0"
source = { registry = "https://pypi.org/simple" }
dependencies = [
    { name = "pathspec" },
    { name = "pygments" },
]
sdist = { url = "https://files.pythonhosted.org/packages/1e/fc/3da7cf04de5de4a1416b8a4084679e95932684bae7d7ba1dcb0e68bbdde7/lizard-1.19.0.tar.gz", hash = "sha256:3e26336ac876bdd2491dbb4afa0d20fe615af11cb59784b8b0ca39b21559ed5c", size = 86131, upload-time = "2025-11-03T08:11:30.17Z" }
wheels = [
    { url = "https://files.pythonhosted.org/packages/fd/e7/ddeecbfd0b28d9f01b4ea9eef0055bae30a0181b16ae3eaaae44f4e19e04/lizard-1.19.0-py2.py3-none-any.whl", hash = "sha256:47ce752610c567b9ce427ac2cb4662a0a7631f0791e5ebafdc3572874ea8004f", size = 94142, upload-time = "2025-11-03T08:11:28.137Z" },
]

[[package]]
name = "meeting-notes-dev-tools"
version = "0.0.0"
source = { virtual = "." }
dependencies = [
    { name = "lizard" },
]

[package.metadata]
requires-dist = [{ name = "lizard", specifier = ">=1.17.13" }]

[[package]]
name = "pathspec"
version = "0.12.1"
source = { registry = "https://pypi.org/simple" }
sdist = { url = "https://files.pythonhosted.org/packages/ca/bc/f35b8446f4531a7cb215605d100cd88b7ac6f44ab3fc94870c120ab3adbf/pathspec-0.12.1.tar.gz", hash = "sha256:a482d51503a1ab33b1c67a6c3813a26953dbdc71c31dacaef9a838c4e29f5712", size = 51043, upload-time = "2023-12-10T22:30:45Z" }
wheels = [
    { url = "https://files.pythonhosted.org/packages/cc/20/ff623b09d963f88bfde16306a54e12ee5ea43e9b597108672ff3a408aad6/pathspec-0.12.1-py3-none-any.whl", hash = "sha256:a0d503e138a4c123b27490a4f7beda6a01c6f288df0e4a8b79c7eb0dc7b4cc08", size = 31191, upload-time = "2023-12-10T22:30:43.14Z" },
]

[[package]]
name = "pygments"
version = "2.19.2"
source = { registry = "https://pypi.org/simple" }
sdist = { url = "https://files.pythonhosted.org/packages/b0/77/a5b8c569bf593b0140bde72ea885a803b82086995367bf2037de0159d924/pygments-2.19.2.tar.gz", hash = "sha256:636cb2477cec7f8952536970bc533bc43743542f70392ae026374600add5b887", size = 4968631, upload-time = "2025-06-21T13:39:12.283Z" }
wheels = [
    { url = "https://files.pythonhosted.org/packages/c7/21/705964c7812476f378728bdf590ca4b771ec72385c533964653c68e86bdc/pygments-2.19.2-py3-none-any.whl", hash = "sha256:86540386c03d588bb81d44bc3928634ff26449851e99741617ecb9037ee5ec0b", size = 1225217, upload-time = "2025-06-21T13:39:07.939Z" },
]
